{
  "nodes": {
    "crane": {
      "locked": {
        "lastModified": 1765739568,
        "narHash": "sha256-gQYx35Of4UDKUjAYvmxjUEh/DdszYeTtT6MDin4loGE=",
        "owner": "ipetkov",
        "repo": "crane",
        "rev": "67d2baff0f9f677af35db61b32b5df6863bcc075",
        "type": "github"
      },
      "original": {
        "owner": "ipetkov",
        "repo": "crane",
        "type": "github"
      }
    },
    "flake-utils": {
      "inputs": {
        "systems": "systems"
      },
      "locked": {
        "lastModified": 1731533236,
        "narHash": "sha256-l0KFg5HjrsfsO/JpG+r7fRrqm12kzFHyUHqHCVpMMbI=",
        "owner": "numtide",
        "repo": "flake-utils",
        "rev": "11707dc2f618dd54ca8739b309ec4fc024de578b",
        "type": "github"
      },
      "original": {
        "owner": "numtide",
        "repo": "flake-utils",
        "type": "github"
      }
    },
    "home-manager": {
      "inputs": {
        "nixpkgs": [
          "nixpkgs"
        ]
      },
      "locked": {
        "lastModified": 1770818644,
        "narHash": "sha256-DYS4jIRpRoKOzJjnR/QqEd/MlT4OZZpt8CrBLv+cjsE=",
        "owner": "nix-community",
        "repo": "home-manager",
        "rev": "0acbd1180697de56724821184ad2c3e6e7202cd7",
        "type": "github"
      },
      "original": {
        "owner": "nix-community",
        "repo": "home-manager",
        "type": "github"
      }
    },
    "nix-darwin": {
      "inputs": {
        "nixpkgs": [
          "nixpkgs"
        ]
      },
      "locked": {
        "lastModified": 1770736414,
        "narHash": "sha256-x5xdJgUxNflO9j2sJHIHnPujDy6eAWJPCMQml5y9XB4=",
        "owner": "nix-darwin",
        "repo": "nix-darwin",
        "rev": "7c952d9a524ffbbd5b5edca38fe6d943499585cc",
        "type": "github"
      },
      "original": {
        "owner": "nix-darwin",
        "ref": "master",
        "repo": "nix-darwin",
        "type": "github"
      }
    },
    "nixpkgs": {
      "locked": {
        "lastModified": 1770781623,
        "narHash": "sha256-RYEMTlGCVc67pxVxjOlGd8w6fpF7Bur7gKL88FB0WTs=",
        "owner": "NixOS",
        "repo": "nixpkgs",
        "rev": "c05d2232d2feaa4c7a07f1168606917402868195",
        "type": "github"
      },
      "original": {
        "owner": "NixOS",
        "ref": "nixpkgs-unstable",
        "repo": "nixpkgs",
        "type": "github"
      }
    },
    "root": {
      "inputs": {
        "home-manager": "home-manager",
        "nix-darwin": "nix-darwin",
        "nixpkgs": "nixpkgs",
        "zjstatus": "zjstatus"
      }
    },
    "rust-overlay": {
      "inputs": {
        "nixpkgs": [
          "zjstatus",
          "nixpkgs"
        ]
      },
      "locked": {
        "lastModified": 1765939271,
        "narHash": "sha256-7F/d+ZrTYyOxnBZcleQZjOOEWc1IMXR/CLLRLLsVtHo=",
        "owner": "oxalica",
        "repo": "rust-overlay",
        "rev": "8028944c1339469124639da276d403d8ab7929a8",
        "type": "github"
      },
      "original": {
        "owner": "oxalica",
        "repo": "rust-overlay",
        "type": "github"
      }
    },
    "systems": {
      "locked": {
        "lastModified": 1681028828,
        "narHash": "sha256-Vy1rq5AaRuLzOxct8nz4T6wlgyUR7zLU309k9mBC768=",
        "owner": "nix-systems",
        "repo": "default",
        "rev": "da67096a3b9bf56a91d16901293e51ba5b49a27e",
        "type": "github"
      },
      "original": {
        "owner": "nix-systems",
        "repo": "default",
        "type": "github"
      }
    },
    "zjstatus": {
      "inputs": {
        "crane": "crane",
        "flake-utils": "flake-utils",
        "nixpkgs": [
          "nixpkgs"
        ],
        "rust-overlay": "rust-overlay"
      },
      "locked": {
        "lastModified": 1766016463,
        "narHash": "sha256-aWp608krMtk5I+c3GXyuHkb6ugah40cBI0R52fNqMiI=",
        "owner": "dj95",
        "repo": "zjstatus",
        "rev": "9a4b88fdceee8eb2b8c28111c53e94254d61c994",
        "type": "github"
      },
      "original": {
        "owner": "dj95",
        "repo": "zjstatus",
        "type": "github"
      }
    }
  },
  "root": "root",
  "version": 7
}
